// !$*UTF8*$!
{
	archiveVersion = 1;
	classes = {
	};
	objectVersion = 46;
	objects = {

/* Begin PBXBuildFile section */
		60EE48DB151A85F60053C536 /* UIKit.framework in Frameworks */ = {isa = PBXBuildFile; fileRef = 60EE48DA151A85F60053C536 /* UIKit.framework */; };
		60EE48DD151A85F60053C536 /* Foundation.framework in Frameworks */ = {isa = PBXBuildFile; fileRef = 60EE48DC151A85F60053C536 /* Foundation.framework */; };
		60EE48DF151A85F60053C536 /* CoreGraphics.framework in Frameworks */ = {isa = PBXBuildFile; fileRef = 60EE48DE151A85F60053C536 /* CoreGraphics.framework */; };
		60EE48E5151A85F60053C536 /* InfoPlist.strings in Resources */ = {isa = PBXBuildFile; fileRef = 60EE48E3151A85F60053C536 /* InfoPlist.strings */; };
		60EE48E7151A85F70053C536 /* main.m in Sources */ = {isa = PBXBuildFile; fileRef = 60EE48E6151A85F70053C536 /* main.m */; };
		60EE48EB151A85F70053C536 /* PTCalcAppDelegate.m in Sources */ = {isa = PBXBuildFile; fileRef = 60EE48EA151A85F70053C536 /* PTCalcAppDelegate.m */; };
		60EE48EE151A85F70053C536 /* MainStoryboard_iPhone.storyboard in Resources */ = {isa = PBXBuildFile; fileRef = 60EE48EC151A85F70053C536 /* MainStoryboard_iPhone.storyboard */; };
		60EE48F1151A85F70053C536 /* MainStoryboard_iPad.storyboard in Resources */ = {isa = PBXBuildFile; fileRef = 60EE48EF151A85F70053C536 /* MainStoryboard_iPad.storyboard */; };
		60EE48F4151A85F70053C536 /* PTCalcViewController.m in Sources */ = {isa = PBXBuildFile; fileRef = 60EE48F3151A85F70053C536 /* PTCalcViewController.m */; };
/* End PBXBuildFile section */

/* Begin PBXFileReference section */
		60EE48D6151A85F60053C536 /* Peak Trough Calculator.app */ = {isa = PBXFileReference; explicitFileType = wrapper.application; includeInIndex = 0; path = "Peak Trough Calculator.app"; sourceTree = BUILT_PRODUCTS_DIR; };
		60EE48DA151A85F60053C536 /* UIKit.framework */ = {isa = PBXFileReference; lastKnownFileType = wrapper.framework; name = UIKit.framework; path = System/Library/Frameworks/UIKit.framework; sourceTree = SDKROOT; };
		60EE48DC151A85F60053C536 /* Foundation.framework */ = {isa = PBXFileReference; lastKnownFileType = wrapper.framework; name = Foundation.framework; path = System/Library/Frameworks/Foundation.framework; sourceTree = SDKROOT; };
		60EE48DE151A85F60053C536 /* CoreGraphics.framework */ = {isa = PBXFileReference; lastKnownFileType = wrapper.framework; name = CoreGraphics.framework; path = System/Library/Frameworks/CoreGraphics.framework; sourceTree = SDKROOT; };
		60EE48E2151A85F60053C536 /* Peak Trough Calculator-Info.plist */ = {isa = PBXFileReference; lastKnownFileType = text.plist.xml; path = "Peak Trough Calculator-Info.plist"; sourceTree = "<group>"; };
		60EE48E4151A85F60053C536 /* en */ = {isa = PBXFileReference; lastKnownFileType = text.plist.strings; name = en; path = en.lproj/InfoPlist.strings; sourceTree = "<group>"; };
		60EE48E6151A85F70053C536 /* main.m */ = {isa = PBXFileReference; lastKnownFileType = sourcecode.c.objc; path = main.m; sourceTree = "<group>"; };
		60EE48E8151A85F70053C536 /* Peak Trough Calculator-Prefix.pch */ = {isa = PBXFileReference; lastKnownFileType = sourcecode.c.h; path = "Peak Trough Calculator-Prefix.pch"; sourceTree = "<group>"; };
		60EE48E9151A85F70053C536 /* PTCalcAppDelegate.h */ = {isa = PBXFileReference; lastKnownFileType = sourcecode.c.h; path = PTCalcAppDelegate.h; sourceTree = "<group>"; };
		60EE48EA151A85F70053C536 /* PTCalcAppDelegate.m */ = {isa = PBXFileReference; lastKnownFileType = sourcecode.c.objc; path = PTCalcAppDelegate.m; sourceTree = "<group>"; };
		60EE48ED151A85F70053C536 /* en */ = {isa = PBXFileReference; lastKnownFileType = file.storyboard; name = en; path = en.lproj/MainStoryboard_iPhone.storyboard; sourceTree = "<group>"; };
		60EE48F0151A85F70053C536 /* en */ = {isa = PBXFileReference; lastKnownFileType = file.storyboard; name = en; path = en.lproj/MainStoryboard_iPad.storyboard; sourceTree = "<group>"; };
		60EE48F2151A85F70053C536 /* PTCalcViewController.h */ = {isa = PBXFileReference; lastKnownFileType = sourcecode.c.h; path = PTCalcViewController.h; sourceTree = "<group>"; };
		60EE48F3151A85F70053C536 /* PTCalcViewController.m */ = {isa = PBXFileReference; lastKnownFileType = sourcecode.c.objc; path = PTCalcViewController.m; sourceTree = "<group>"; };
/* End PBXFileReference section */

/* Begin PBXFrameworksBuildPhase section */
		60EE48D3151A85F60053C536 /* Frameworks */ = {
			isa = PBXFrameworksBuildPhase;
			buildActionMask = 2147483647;
			files = (
				60EE48DB151A85F60053C536 /* UIKit.framework in Frameworks */,
				60EE48DD151A85F60053C536 /* Foundation.framework in Frameworks */,
				60EE48DF151A85F60053C536 /* CoreGraphics.framework in Frameworks */,
			);
			runOnlyForDeploymentPostprocessing = 0;
		};
/* End PBXFrameworksBuildPhase section */

/* Begin PBXGroup section */
		60EE48CB151A85F60053C536 = {
			isa = PBXGroup;
			children = (
				60EE48E0151A85F60053C536 /* Peak Trough Calculator */,
				60EE48D9151A85F60053C536 /* Frameworks */,
				60EE48D7151A85F60053C536 /* Products */,
			);
			sourceTree = "<group>";
		};
		60EE48D7151A85F60053C536 /* Products */ = {
			isa = PBXGroup;
			children = (
				60EE48D6151A85F60053C536 /* Peak Trough Calculator.app */,
			);
			name = Products;
			sourceTree = "<group>";
		};
		60EE48D9151A85F60053C536 /* Frameworks */ = {
			isa = PBXGroup;
			children = (
				60EE48DA151A85F60053C536 /* UIKit.framework */,
				60EE48DC151A85F60053C536 /* Foundation.framework */,
				60EE48DE151A85F60053C536 /* CoreGraphics.framework */,
			);
			name = Frameworks;
			sourceTree = "<group>";
		};
		60EE48E0151A85F60053C536 /* Peak Trough Calculator */ = {
			isa = PBXGroup;
			children = (
				60EE48E9151A85F70053C536 /* PTCalcAppDelegate.h */,
				60EE48EA151A85F70053C536 /* PTCalcAppDelegate.m */,
				60EE48EC151A85F70053C536 /* MainStoryboard_iPhone.storyboard */,
				60EE48EF151A85F70053C536 /* MainStoryboard_iPad.storyboard */,
				60EE48F2151A85F70053C536 /* PTCalcViewController.h */,
				60EE48F3151A85F70053C536 /* PTCalcViewController.m */,
				60EE48E1151A85F60053C536 /* Supporting Files */,
			);
			path = "Peak Trough Calculator";
			sourceTree = "<group>";
		};
		60EE48E1151A85F60053C536 /* Supporting Files */ = {
			isa = PBXGroup;
			children = (
				60EE48E2151A85F60053C536 /* Peak Trough Calculator-Info.plist */,
				60EE48E3151A85F60053C536 /* InfoPlist.strings */,
				60EE48E6151A85F70053C536 /* main.m */,
				60EE48E8151A85F70053C536 /* Peak Trough Calculator-Prefix.pch */,
			);
			name = "Supporting Files";
			sourceTree = "<group>";
		};
/* End PBXGroup section */

/* Begin PBXNativeTarget section */
		60EE48D5151A85F60053C536 /* Peak Trough Calculator */ = {
			isa = PBXNativeTarget;
			buildConfigurationList = 60EE48F7151A85F70053C536 /* Build configuration list for PBXNativeTarget "Peak Trough Calculator" */;
			buildPhases = (
				60EE48D2151A85F60053C536 /* Sources */,
				60EE48D3151A85F60053C536 /* Frameworks */,
				60EE48D4151A85F60053C536 /* Resources */,
			);
			buildRules = (
			);
			dependencies = (
			);
			name = "Peak Trough Calculator";
			productName = "Peak Trough Calculator";
			productReference = 60EE48D6151A85F60053C536 /* Peak Trough Calculator.app */;
			productType = "com.apple.product-type.application";
		};
/* End PBXNativeTarget section */

/* Begin PBXProject section */
		60EE48CD151A85F60053C536 /* Project object */ = {
			isa = PBXProject;
			attributes = {
				LastUpgradeCheck = 0420;
			};
			buildConfigurationList = 60EE48D0151A85F60053C536 /* Build configuration list for PBXProject "Peak Trough Calculator" */;
			compatibilityVersion = "Xcode 3.2";
			developmentRegion = English;
			hasScannedForEncodings = 0;
			knownRegions = (
				en,
			);
			mainGroup = 60EE48CB151A85F60053C536;
			productRefGroup = 60EE48D7151A85F60053C536 /* Products */;
			projectDirPath = "";
			projectRoot = "";
			targets = (
				60EE48D5151A85F60053C536 /* Peak Trough Calculator */,
			);
		};
/* End PBXProject section */

/* Begin PBXResourcesBuildPhase section */
		60EE48D4151A85F60053C536 /* Resources */ = {
			isa = PBXResourcesBuildPhase;
			buildActionMask = 2147483647;
			files = (
				60EE48E5151A85F60053C536 /* InfoPlist.strings in Resources */,
				60EE48EE151A85F70053C536 /* MainStoryboard_iPhone.storyboard in Resources */,
				60EE48F1151A85F70053C536 /* MainStoryboard_iPad.storyboard in Resources */,
			);
			runOnlyForDeploymentPostprocessing = 0;
		};
/* End PBXResourcesBuildPhase section */

/* Begin PBXSourcesBuildPhase section */
		60EE48D2151A85F60053C536 /* Sources */ = {
			isa = PBXSourcesBuildPhase;
			buildActionMask = 2147483647;
			files = (
				60EE48E7151A85F70053C536 /* main.m in Sources */,
				60EE48EB151A85F70053C536 /* PTCalcAppDelegate.m in Sources */,
				60EE48F4151A85F70053C536 /* PTCalcViewController.m in Sources */,
			);
			runOnlyForDeploymentPostprocessing = 0;
		};
/* End PBXSourcesBuildPhase section */

/* Begin PBXVariantGroup section */
		60EE48E3151A85F60053C536 /* InfoPlist.strings */ = {
			isa = PBXVariantGroup;
			children = (
				60EE48E4151A85F60053C536 /* en */,
			);
			name = InfoPlist.strings;
			sourceTree = "<group>";
		};
		60EE48EC151A85F70053C536 /* MainStoryboard_iPhone.storyboard */ = {
			isa = PBXVariantGroup;
			children = (
				60EE48ED151A85F70053C536 /* en */,
			);
			name = MainStoryboard_iPhone.storyboard;
			sourceTree = "<group>";
		};
		60EE48EF151A85F70053C536 /* MainStoryboard_iPad.storyboard */ = {
			isa = PBXVariantGroup;
			children = (
				60EE48F0151A85F70053C536 /* en */,
			);
			name = MainStoryboard_iPad.storyboard;
			sourceTree = "<group>";
		};
/* End PBXVariantGroup section */

/* Begin XCBuildConfiguration section */
		60EE48F5151A85F70053C536 /* Debug */ = {
			isa = XCBuildConfiguration;
			buildSettings = {
				ALWAYS_SEARCH_USER_PATHS = NO;
				ARCHS = "$(ARCHS_STANDARD_32_BIT)";
				CLANG_ENABLE_OBJC_ARC = YES;
				"CODE_SIGN_IDENTITY[sdk=iphoneos*]" = "iPhone Developer";
				COPY_PHASE_STRIP = NO;
				GCC_C_LANGUAGE_STANDARD = gnu99;
				GCC_DYNAMIC_NO_PIC = NO;
				GCC_OPTIMIZATION_LEVEL = 0;
				GCC_PREPROCESSOR_DEFINITIONS = (
					"DEBUG=1",
					"$(inherited)",
				);
				GCC_SYMBOLS_PRIVATE_EXTERN = NO;
				GCC_VERSION = com.apple.compilers.llvm.clang.1_0;
				GCC_WARN_ABOUT_MISSING_PROTOTYPES = YES;
				GCC_WARN_ABOUT_RETURN_TYPE = YES;
				GCC_WARN_UNUSED_VARIABLE = YES;
				IPHONEOS_DEPLOYMENT_TARGET = 5.0;
				SDKROOT = iphoneos;
				TARGETED_DEVICE_FAMILY = "1,2";
			};
			name = Debug;
		};
		60EE48F6151A85F70053C536 /* Release */ = {
			isa = XCBuildConfiguration;
			buildSettings = {
				ALWAYS_SEARCH_USER_PATHS = NO;
				ARCHS = "$(ARCHS_STANDARD_32_BIT)";
				CLANG_ENABLE_OBJC_ARC = YES;
				"CODE_SIGN_IDENTITY[sdk=iphoneos*]" = "iPhone Developer";
				COPY_PHASE_STRIP = YES;
				GCC_C_LANGUAGE_STANDARD = gnu99;
				GCC_VERSION = com.apple.compilers.llvm.clang.1_0;
				GCC_WARN_ABOUT_MISSING_PROTOTYPES = YES;
				GCC_WARN_ABOUT_RETURN_TYPE = YES;
				GCC_WARN_UNUSED_VARIABLE = YES;
				IPHONEOS_DEPLOYMENT_TARGET = 5.0;
				OTHER_CFLAGS = "-DNS_BLOCK_ASSERTIONS=1";
				SDKROOT = iphoneos;
				TARGETED_DEVICE_FAMILY = "1,2";
				VALIDATE_PRODUCT = YES;
			};
			name = Release;
		};
		60EE48F8151A85F70053C536 /* Debug */ = {
			isa = XCBuildConfiguration;
			buildSettings = {
				GCC_PRECOMPILE_PREFIX_HEADER = YES;
				GCC_PREFIX_HEADER = "Peak Trough Calculator/Peak Trough Calculator-Prefix.pch";
				INFOPLIST_FILE = "Peak Trough Calculator/Peak Trough Calculator-Info.plist";
				PRODUCT_NAME = "$(TARGET_NAME)";
				WRAPPER_EXTENSION = app;
			};
			name = Debug;
		};
		60EE48F9151A85F70053C536 /* Release */ = {
			isa = XCBuildConfiguration;
			buildSettings = {
				GCC_PRECOMPILE_PREFIX_HEADER = YES;
				GCC_PREFIX_HEADER = "Peak Trough Calculator/Peak Trough Calculator-Prefix.pch";
				INFOPLIST_FILE = "Peak Trough Calculator/Peak Trough Calculator-Info.plist";
				PRODUCT_NAME = "$(TARGET_NAME)";
				WRAPPER_EXTENSION = app;
			};
			name = Release;
		};
/* End XCBuildConfiguration section */

/* Begin XCConfigurationList section */
		60EE48D0151A85F60053C536 /* Build configuration list for PBXProject "Peak Trough Calculator" */ = {
			isa = XCConfigurationList;
			buildConfigurations = (
				60EE48F5151A85F70053C536 /* Debug */,
				60EE48F6151A85F70053C536 /* Release */,
			);
			defaultConfigurationIsVisible = 0;
			defaultConfigurationName = Release;
		};
		60EE48F7151A85F70053C536 /* Build configuration list for PBXNativeTarget "Peak Trough Calculator" */ = {
			isa = XCConfigurationList;
			buildConfigurations = (
				60EE48F8151A85F70053C536 /* Debug */,
				60EE48F9151A85F70053C536 /* Release */,
			);
			defaultConfigurationIsVisible = 0;
		};
/* End XCConfigurationList section */
	};
	rootObject = 60EE48CD151A85F60053C536 /* Project object */;
}
